
Microsoft Visual Studio Solution File, Format Version 12.00
# Visual Studio Version 16
VisualStudioVersion = 16.0.32228.343
MinimumVisualStudioVersion = 10.0.40219.1
Project("{FAE04EC0-301F-11D3-BF4B-00C04F79EFBC}") = "Password", "Password\Password.csproj", "{C3F036AA-3327-427B-BB57-706E39AD3D29}"
EndProject
Project("{FAE04EC0-301F-11D3-BF4B-00C04F79EFBC}") = "Password.Tests", "Password.Tests\Password.Tests.csproj", "{0AAC3225-C38A-4230-BD93-50AA228073D2}"
EndProject
Global
	GlobalSection(SolutionConfigurationPlatforms) = preSolution
		Debug|Any CPU = Debug|Any CPU
		Release|Any CPU = Release|Any CPU
	EndGlobalSection
	GlobalSection(ProjectConfigurationPlatforms) = postSolution
		{C3F036AA-3327-427B-BB57-706E39AD3D29}.Debug|Any CPU.ActiveCfg = Debug|Any CPU
		{C3F036AA-3327-427B-BB57-706E39AD3D29}.Debug|Any CPU.Build.0 = Debug|Any CPU
		{C3F036AA-3327-427B-BB57-706E39AD3D29}.Release|Any CPU.ActiveCfg = Release|Any CPU
		{C3F036AA-3327-427B-BB57-706E39AD3D29}.Release|Any CPU.Build.0 = Release|Any CPU
		{0AAC3225-C38A-4230-BD93-50AA228073D2}.Debug|Any CPU.ActiveCfg = Debug|Any CPU
		{0AAC3225-C38A-4230-BD93-50AA228073D2}.Debug|Any CPU.Build.0 = Debug|Any CPU
		{0AAC3225-C38A-4230-BD93-50AA228073D2}.Release|Any CPU.ActiveCfg = Release|Any CPU
		{0AAC3225-C38A-4230-BD93-50AA228073D2}.Release|Any CPU.Build.0 = Release|Any CPU
	EndGlobalSection
	GlobalSection(SolutionProperties) = preSolution
		HideSolutionNode = FALSE
	EndGlobalSection
	GlobalSection(ExtensibilityGlobals) = postSolution
		SolutionGuid = {3C02366D-2591-4467-8EC7-F26A1B1E26DF}
	EndGlobalSection
EndGlobal
